{
  "pins" : [
    {
      "identity" : "progresshud",
      "kind" : "remoteSourceControl",
      "location" : "https://github.com/relatedcode/ProgressHUD",
      "state" : {
        "revision" : "e9a8d857ec6fdbf8ad201c5820cee7b4d98bf62c",
        "version" : "13.6.0"
      }
    }
  ],
  "version" : 2
}
