// !$*UTF8*$!
{
	archiveVersion = 1;
	classes = {
	};
	objectVersion = 56;
	objects = {

/* Begin PBXBuildFile section */
		4D3A88682B0B91C20048BFE4 /* OAuth2Service.swift in Sources */ = {isa = PBXBuildFile; fileRef = 4D3A88672B0B91C20048BFE4 /* OAuth2Service.swift */; };
		4D3A886A2B0B927A0048BFE4 /* OAuth2TokenStorage.swift in Sources */ = {isa = PBXBuildFile; fileRef = 4D3A88692B0B927A0048BFE4 /* OAuth2TokenStorage.swift */; };
		4D3A886D2B0CC3890048BFE4 /* SplashViewController.swift in Sources */ = {isa = PBXBuildFile; fileRef = 4D3A886C2B0CC3890048BFE4 /* SplashViewController.swift */; };
		4D9551E22AC1995E00670CEB /* AppDelegate.swift in Sources */ = {isa = PBXBuildFile; fileRef = 4D9551E12AC1995E00670CEB /* AppDelegate.swift */; };
		4D9551E42AC1995E00670CEB /* SceneDelegate.swift in Sources */ = {isa = PBXBuildFile; fileRef = 4D9551E32AC1995E00670CEB /* SceneDelegate.swift */; };
		4D9551E62AC1995E00670CEB /* ImagesListViewController.swift in Sources */ = {isa = PBXBuildFile; fileRef = 4D9551E52AC1995E00670CEB /* ImagesListViewController.swift */; };
		4D9551E92AC1995E00670CEB /* Main.storyboard in Resources */ = {isa = PBXBuildFile; fileRef = 4D9551E72AC1995E00670CEB /* Main.storyboard */; };
		4D9551EB2AC1996000670CEB /* Assets.xcassets in Resources */ = {isa = PBXBuildFile; fileRef = 4D9551EA2AC1996000670CEB /* Assets.xcassets */; };
		4D9551EE2AC1996000670CEB /* LaunchScreen.storyboard in Resources */ = {isa = PBXBuildFile; fileRef = 4D9551EC2AC1996000670CEB /* LaunchScreen.storyboard */; };
		4D9551F92AC1996100670CEB /* ImageFeedTests.swift in Sources */ = {isa = PBXBuildFile; fileRef = 4D9551F82AC1996100670CEB /* ImageFeedTests.swift */; };
		4D9552032AC1996100670CEB /* ImageFeedUITests.swift in Sources */ = {isa = PBXBuildFile; fileRef = 4D9552022AC1996100670CEB /* ImageFeedUITests.swift */; };
		4D9552052AC1996100670CEB /* ImageFeedUITestsLaunchTests.swift in Sources */ = {isa = PBXBuildFile; fileRef = 4D9552042AC1996100670CEB /* ImageFeedUITestsLaunchTests.swift */; };
		4D95524E2AC2357200670CEB /* ImagesListCell.swift in Sources */ = {isa = PBXBuildFile; fileRef = 4D95524D2AC2357200670CEB /* ImagesListCell.swift */; };
		4DB898B22AD4890200A74EA8 /* Constants.swift in Sources */ = {isa = PBXBuildFile; fileRef = 4DB898B12AD4890200A74EA8 /* Constants.swift */; };
		4DB898B72AD495CF00A74EA8 /* AuthViewController.swift in Sources */ = {isa = PBXBuildFile; fileRef = 4DB898B62AD495CF00A74EA8 /* AuthViewController.swift */; };
		4DB951E22AC2D85A007505E2 /* ProfileViewController.swift in Sources */ = {isa = PBXBuildFile; fileRef = 4DB951E12AC2D85A007505E2 /* ProfileViewController.swift */; };
		4DB951E42AC2FD50007505E2 /* SingleImageViewController.swift in Sources */ = {isa = PBXBuildFile; fileRef = 4DB951E32AC2FD50007505E2 /* SingleImageViewController.swift */; };
		4DD287DB2B0D766100886D00 /* UIBlockingProgressHUD.swift in Sources */ = {isa = PBXBuildFile; fileRef = 4DD287DA2B0D766100886D00 /* UIBlockingProgressHUD.swift */; };
		4DD287E12B0E6BF500886D00 /* ProfileService.swift in Sources */ = {isa = PBXBuildFile; fileRef = 4DD287E02B0E6BF500886D00 /* ProfileService.swift */; };
		4DD287E42B0E6E6C00886D00 /* ProfileModel.swift in Sources */ = {isa = PBXBuildFile; fileRef = 4DD287E32B0E6E6C00886D00 /* ProfileModel.swift */; };
		4DD287E62B0E8A5E00886D00 /* URLRequest+Extension.swift in Sources */ = {isa = PBXBuildFile; fileRef = 4DD287E52B0E8A5E00886D00 /* URLRequest+Extension.swift */; };
		4DD287E82B0E914500886D00 /* URLSession+Extension.swift in Sources */ = {isa = PBXBuildFile; fileRef = 4DD287E72B0E914500886D00 /* URLSession+Extension.swift */; };
		4DD287EA2B0E945400886D00 /* NetworkErrors.swift in Sources */ = {isa = PBXBuildFile; fileRef = 4DD287E92B0E945400886D00 /* NetworkErrors.swift */; };
		4DD287EE2B0E9CDF00886D00 /* AlertPresenter.swift in Sources */ = {isa = PBXBuildFile; fileRef = 4DD287ED2B0E9CDF00886D00 /* AlertPresenter.swift */; };
		4DDF076E2B0F59680022B7D5 /* Kingfisher in Frameworks */ = {isa = PBXBuildFile; productRef = 4DDF076D2B0F59680022B7D5 /* Kingfisher */; };
		4DDF07712B0F6BCF0022B7D5 /* SwiftKeychainWrapper in Frameworks */ = {isa = PBXBuildFile; productRef = 4DDF07702B0F6BCF0022B7D5 /* SwiftKeychainWrapper */; };
		4DECCB572AD53588003C4146 /* WebViewController.swift in Sources */ = {isa = PBXBuildFile; fileRef = 4DECCB562AD53588003C4146 /* WebViewController.swift */; };
		4DF7144C2B0D1BE9000466FD /* ProgressHUD in Frameworks */ = {isa = PBXBuildFile; productRef = 4DF7144B2B0D1BE9000466FD /* ProgressHUD */; };
		4DFAFC1D2B0ECE7C0074A128 /* ProfileImageService.swift in Sources */ = {isa = PBXBuildFile; fileRef = 4DFAFC1C2B0ECE7C0074A128 /* ProfileImageService.swift */; };
/* End PBXBuildFile section */

/* Begin PBXContainerItemProxy section */
		4D9551F52AC1996100670CEB /* PBXContainerItemProxy */ = {
			isa = PBXContainerItemProxy;
			containerPortal = 4D9551D62AC1995D00670CEB /* Project object */;
			proxyType = 1;
			remoteGlobalIDString = 4D9551DD2AC1995D00670CEB;
			remoteInfo = ImageFeed;
		};
		4D9551FF2AC1996100670CEB /* PBXContainerItemProxy */ = {
			isa = PBXContainerItemProxy;
			containerPortal = 4D9551D62AC1995D00670CEB /* Project object */;
			proxyType = 1;
			remoteGlobalIDString = 4D9551DD2AC1995D00670CEB;
			remoteInfo = ImageFeed;
		};
/* End PBXContainerItemProxy section */

/* Begin PBXFileReference section */
		4D3A88672B0B91C20048BFE4 /* OAuth2Service.swift */ = {isa = PBXFileReference; lastKnownFileType = sourcecode.swift; path = OAuth2Service.swift; sourceTree = "<group>"; };
		4D3A88692B0B927A0048BFE4 /* OAuth2TokenStorage.swift */ = {isa = PBXFileReference; lastKnownFileType = sourcecode.swift; path = OAuth2TokenStorage.swift; sourceTree = "<group>"; };
		4D3A886C2B0CC3890048BFE4 /* SplashViewController.swift */ = {isa = PBXFileReference; lastKnownFileType = sourcecode.swift; path = SplashViewController.swift; sourceTree = "<group>"; };
		4D9551DE2AC1995E00670CEB /* ImageFeed.app */ = {isa = PBXFileReference; explicitFileType = wrapper.application; includeInIndex = 0; path = ImageFeed.app; sourceTree = BUILT_PRODUCTS_DIR; };
		4D9551E12AC1995E00670CEB /* AppDelegate.swift */ = {isa = PBXFileReference; lastKnownFileType = sourcecode.swift; path = AppDelegate.swift; sourceTree = "<group>"; };
		4D9551E32AC1995E00670CEB /* SceneDelegate.swift */ = {isa = PBXFileReference; lastKnownFileType = sourcecode.swift; path = SceneDelegate.swift; sourceTree = "<group>"; };
		4D9551E52AC1995E00670CEB /* ImagesListViewController.swift */ = {isa = PBXFileReference; lastKnownFileType = sourcecode.swift; path = ImagesListViewController.swift; sourceTree = "<group>"; };
		4D9551E82AC1995E00670CEB /* Base */ = {isa = PBXFileReference; lastKnownFileType = file.storyboard; name = Base; path = Base.lproj/Main.storyboard; sourceTree = "<group>"; };
		4D9551EA2AC1996000670CEB /* Assets.xcassets */ = {isa = PBXFileReference; lastKnownFileType = folder.assetcatalog; path = Assets.xcassets; sourceTree = "<group>"; };
		4D9551ED2AC1996000670CEB /* Base */ = {isa = PBXFileReference; lastKnownFileType = file.storyboard; name = Base; path = Base.lproj/LaunchScreen.storyboard; sourceTree = "<group>"; };
		4D9551EF2AC1996000670CEB /* Info.plist */ = {isa = PBXFileReference; lastKnownFileType = text.plist.xml; path = Info.plist; sourceTree = "<group>"; };
		4D9551F42AC1996100670CEB /* ImageFeedTests.xctest */ = {isa = PBXFileReference; explicitFileType = wrapper.cfbundle; includeInIndex = 0; path = ImageFeedTests.xctest; sourceTree = BUILT_PRODUCTS_DIR; };
		4D9551F82AC1996100670CEB /* ImageFeedTests.swift */ = {isa = PBXFileReference; lastKnownFileType = sourcecode.swift; path = ImageFeedTests.swift; sourceTree = "<group>"; };
		4D9551FE2AC1996100670CEB /* ImageFeedUITests.xctest */ = {isa = PBXFileReference; explicitFileType = wrapper.cfbundle; includeInIndex = 0; path = ImageFeedUITests.xctest; sourceTree = BUILT_PRODUCTS_DIR; };
		4D9552022AC1996100670CEB /* ImageFeedUITests.swift */ = {isa = PBXFileReference; lastKnownFileType = sourcecode.swift; path = ImageFeedUITests.swift; sourceTree = "<group>"; };
		4D9552042AC1996100670CEB /* ImageFeedUITestsLaunchTests.swift */ = {isa = PBXFileReference; lastKnownFileType = sourcecode.swift; path = ImageFeedUITestsLaunchTests.swift; sourceTree = "<group>"; };
		4D95524D2AC2357200670CEB /* ImagesListCell.swift */ = {isa = PBXFileReference; lastKnownFileType = sourcecode.swift; path = ImagesListCell.swift; sourceTree = "<group>"; };
		4DB898B12AD4890200A74EA8 /* Constants.swift */ = {isa = PBXFileReference; lastKnownFileType = sourcecode.swift; path = Constants.swift; sourceTree = "<group>"; };
		4DB898B62AD495CF00A74EA8 /* AuthViewController.swift */ = {isa = PBXFileReference; lastKnownFileType = sourcecode.swift; path = AuthViewController.swift; sourceTree = "<group>"; };
		4DB951E12AC2D85A007505E2 /* ProfileViewController.swift */ = {isa = PBXFileReference; lastKnownFileType = sourcecode.swift; path = ProfileViewController.swift; sourceTree = "<group>"; };
		4DB951E32AC2FD50007505E2 /* SingleImageViewController.swift */ = {isa = PBXFileReference; lastKnownFileType = sourcecode.swift; path = SingleImageViewController.swift; sourceTree = "<group>"; };
		4DD287DA2B0D766100886D00 /* UIBlockingProgressHUD.swift */ = {isa = PBXFileReference; lastKnownFileType = sourcecode.swift; path = UIBlockingProgressHUD.swift; sourceTree = "<group>"; };
		4DD287E02B0E6BF500886D00 /* ProfileService.swift */ = {isa = PBXFileReference; lastKnownFileType = sourcecode.swift; path = ProfileService.swift; sourceTree = "<group>"; };
		4DD287E32B0E6E6C00886D00 /* ProfileModel.swift */ = {isa = PBXFileReference; lastKnownFileType = sourcecode.swift; path = ProfileModel.swift; sourceTree = "<group>"; };
		4DD287E52B0E8A5E00886D00 /* URLRequest+Extension.swift */ = {isa = PBXFileReference; lastKnownFileType = sourcecode.swift; path = "URLRequest+Extension.swift"; sourceTree = "<group>"; };
		4DD287E72B0E914500886D00 /* URLSession+Extension.swift */ = {isa = PBXFileReference; lastKnownFileType = sourcecode.swift; path = "URLSession+Extension.swift"; sourceTree = "<group>"; };
		4DD287E92B0E945400886D00 /* NetworkErrors.swift */ = {isa = PBXFileReference; lastKnownFileType = sourcecode.swift; path = NetworkErrors.swift; sourceTree = "<group>"; };
		4DD287ED2B0E9CDF00886D00 /* AlertPresenter.swift */ = {isa = PBXFileReference; lastKnownFileType = sourcecode.swift; path = AlertPresenter.swift; sourceTree = "<group>"; };
		4DECCB562AD53588003C4146 /* WebViewController.swift */ = {isa = PBXFileReference; lastKnownFileType = sourcecode.swift; path = WebViewController.swift; sourceTree = "<group>"; };
		4DFAFC1C2B0ECE7C0074A128 /* ProfileImageService.swift */ = {isa = PBXFileReference; lastKnownFileType = sourcecode.swift; path = ProfileImageService.swift; sourceTree = "<group>"; };
/* End PBXFileReference section */

/* Begin PBXFrameworksBuildPhase section */
		4D9551DB2AC1995D00670CEB /* Frameworks */ = {
			isa = PBXFrameworksBuildPhase;
			buildActionMask = 2147483647;
			files = (
				4DDF076E2B0F59680022B7D5 /* Kingfisher in Frameworks */,
				4DF7144C2B0D1BE9000466FD /* ProgressHUD in Frameworks */,
				4DDF07712B0F6BCF0022B7D5 /* SwiftKeychainWrapper in Frameworks */,
			);
			runOnlyForDeploymentPostprocessing = 0;
		};
		4D9551F12AC1996100670CEB /* Frameworks */ = {
			isa = PBXFrameworksBuildPhase;
			buildActionMask = 2147483647;
			files = (
			);
			runOnlyForDeploymentPostprocessing = 0;
		};
		4D9551FB2AC1996100670CEB /* Frameworks */ = {
			isa = PBXFrameworksBuildPhase;
			buildActionMask = 2147483647;
			files = (
			);
			runOnlyForDeploymentPostprocessing = 0;
		};
/* End PBXFrameworksBuildPhase section */

/* Begin PBXGroup section */
		4D3A886B2B0CC36E0048BFE4 /* SplashViewController */ = {
			isa = PBXGroup;
			children = (
				4D3A886C2B0CC3890048BFE4 /* SplashViewController.swift */,
			);
			path = SplashViewController;
			sourceTree = "<group>";
		};
		4D9551D52AC1995D00670CEB = {
			isa = PBXGroup;
			children = (
				4D9551E02AC1995E00670CEB /* ImageFeed */,
				4D9551F72AC1996100670CEB /* ImageFeedTests */,
				4D9552012AC1996100670CEB /* ImageFeedUITests */,
				4D9551DF2AC1995E00670CEB /* Products */,
			);
			sourceTree = "<group>";
		};
		4D9551DF2AC1995E00670CEB /* Products */ = {
			isa = PBXGroup;
			children = (
				4D9551DE2AC1995E00670CEB /* ImageFeed.app */,
				4D9551F42AC1996100670CEB /* ImageFeedTests.xctest */,
				4D9551FE2AC1996100670CEB /* ImageFeedUITests.xctest */,
			);
			name = Products;
			sourceTree = "<group>";
		};
		4D9551E02AC1995E00670CEB /* ImageFeed */ = {
			isa = PBXGroup;
			children = (
				4DD287EC2B0E9C8100886D00 /* Presentation */,
				4DD287E22B0E6C7E00886D00 /* Models */,
				4DD287DF2B0E6BC100886D00 /* Helpers */,
				4DD287DE2B0E6BA200886D00 /* Services */,
				4D3A886B2B0CC36E0048BFE4 /* SplashViewController */,
				4DB898B32AD4955400A74EA8 /* Auth */,
				4DB951E02AC2D7EB007505E2 /* Profile */,
				4D95524F2AC2359C00670CEB /* ImagesList */,
				4D9551E12AC1995E00670CEB /* AppDelegate.swift */,
				4D9551E32AC1995E00670CEB /* SceneDelegate.swift */,
				4D9551E72AC1995E00670CEB /* Main.storyboard */,
				4D9551EA2AC1996000670CEB /* Assets.xcassets */,
				4D9551EC2AC1996000670CEB /* LaunchScreen.storyboard */,
				4D9551EF2AC1996000670CEB /* Info.plist */,
			);
			path = ImageFeed;
			sourceTree = "<group>";
		};
		4D9551F72AC1996100670CEB /* ImageFeedTests */ = {
			isa = PBXGroup;
			children = (
				4D9551F82AC1996100670CEB /* ImageFeedTests.swift */,
			);
			path = ImageFeedTests;
			sourceTree = "<group>";
		};
		4D9552012AC1996100670CEB /* ImageFeedUITests */ = {
			isa = PBXGroup;
			children = (
				4D9552022AC1996100670CEB /* ImageFeedUITests.swift */,
				4D9552042AC1996100670CEB /* ImageFeedUITestsLaunchTests.swift */,
			);
			path = ImageFeedUITests;
			sourceTree = "<group>";
		};
		4D95524F2AC2359C00670CEB /* ImagesList */ = {
			isa = PBXGroup;
			children = (
				4D95524D2AC2357200670CEB /* ImagesListCell.swift */,
				4D9551E52AC1995E00670CEB /* ImagesListViewController.swift */,
				4DB951E32AC2FD50007505E2 /* SingleImageViewController.swift */,
			);
			path = ImagesList;
			sourceTree = "<group>";
		};
		4DB898B32AD4955400A74EA8 /* Auth */ = {
			isa = PBXGroup;
			children = (
				4DB898B62AD495CF00A74EA8 /* AuthViewController.swift */,
				4DECCB562AD53588003C4146 /* WebViewController.swift */,
			);
			path = Auth;
			sourceTree = "<group>";
		};
		4DB951E02AC2D7EB007505E2 /* Profile */ = {
			isa = PBXGroup;
			children = (
				4DB951E12AC2D85A007505E2 /* ProfileViewController.swift */,
			);
			path = Profile;
			sourceTree = "<group>";
		};
		4DD287DE2B0E6BA200886D00 /* Services */ = {
			isa = PBXGroup;
			children = (
				4D3A88672B0B91C20048BFE4 /* OAuth2Service.swift */,
				4D3A88692B0B927A0048BFE4 /* OAuth2TokenStorage.swift */,
				4DD287E02B0E6BF500886D00 /* ProfileService.swift */,
				4DFAFC1C2B0ECE7C0074A128 /* ProfileImageService.swift */,
			);
			path = Services;
			sourceTree = "<group>";
		};
		4DD287DF2B0E6BC100886D00 /* Helpers */ = {
			isa = PBXGroup;
			children = (
				4DB898B12AD4890200A74EA8 /* Constants.swift */,
				4DD287DA2B0D766100886D00 /* UIBlockingProgressHUD.swift */,
				4DD287E52B0E8A5E00886D00 /* URLRequest+Extension.swift */,
				4DD287E72B0E914500886D00 /* URLSession+Extension.swift */,
				4DD287E92B0E945400886D00 /* NetworkErrors.swift */,
			);
			path = Helpers;
			sourceTree = "<group>";
		};
		4DD287E22B0E6C7E00886D00 /* Models */ = {
			isa = PBXGroup;
			children = (
				4DD287E32B0E6E6C00886D00 /* ProfileModel.swift */,
			);
			path = Models;
			sourceTree = "<group>";
		};
		4DD287EC2B0E9C8100886D00 /* Presentation */ = {
			isa = PBXGroup;
			children = (
				4DD287ED2B0E9CDF00886D00 /* AlertPresenter.swift */,
			);
			path = Presentation;
			sourceTree = "<group>";
		};
/* End PBXGroup section */

/* Begin PBXNativeTarget section */
		4D9551DD2AC1995D00670CEB /* ImageFeed */ = {
			isa = PBXNativeTarget;
			buildConfigurationList = 4D9552082AC1996100670CEB /* Build configuration list for PBXNativeTarget "ImageFeed" */;
			buildPhases = (
				4D9551DA2AC1995D00670CEB /* Sources */,
				4D9551DB2AC1995D00670CEB /* Frameworks */,
				4D9551DC2AC1995D00670CEB /* Resources */,
			);
			buildRules = (
			);
			dependencies = (
			);
			name = ImageFeed;
			packageProductDependencies = (
				4DF7144B2B0D1BE9000466FD /* ProgressHUD */,
				4DDF076D2B0F59680022B7D5 /* Kingfisher */,
				4DDF07702B0F6BCF0022B7D5 /* SwiftKeychainWrapper */,
			);
			productName = ImageFeed;
			productReference = 4D9551DE2AC1995E00670CEB /* ImageFeed.app */;
			productType = "com.apple.product-type.application";
		};
		4D9551F32AC1996100670CEB /* ImageFeedTests */ = {
			isa = PBXNativeTarget;
			buildConfigurationList = 4D95520B2AC1996100670CEB /* Build configuration list for PBXNativeTarget "ImageFeedTests" */;
			buildPhases = (
				4D9551F02AC1996100670CEB /* Sources */,
				4D9551F12AC1996100670CEB /* Frameworks */,
				4D9551F22AC1996100670CEB /* Resources */,
			);
			buildRules = (
			);
			dependencies = (
				4D9551F62AC1996100670CEB /* PBXTargetDependency */,
			);
			name = ImageFeedTests;
			productName = ImageFeedTests;
			productReference = 4D9551F42AC1996100670CEB /* ImageFeedTests.xctest */;
			productType = "com.apple.product-type.bundle.unit-test";
		};
		4D9551FD2AC1996100670CEB /* ImageFeedUITests */ = {
			isa = PBXNativeTarget;
			buildConfigurationList = 4D95520E2AC1996100670CEB /* Build configuration list for PBXNativeTarget "ImageFeedUITests" */;
			buildPhases = (
				4D9551FA2AC1996100670CEB /* Sources */,
				4D9551FB2AC1996100670CEB /* Frameworks */,
				4D9551FC2AC1996100670CEB /* Resources */,
			);
			buildRules = (
			);
			dependencies = (
				4D9552002AC1996100670CEB /* PBXTargetDependency */,
			);
			name = ImageFeedUITests;
			productName = ImageFeedUITests;
			productReference = 4D9551FE2AC1996100670CEB /* ImageFeedUITests.xctest */;
			productType = "com.apple.product-type.bundle.ui-testing";
		};
/* End PBXNativeTarget section */

/* Begin PBXProject section */
		4D9551D62AC1995D00670CEB /* Project object */ = {
			isa = PBXProject;
			attributes = {
				BuildIndependentTargetsInParallel = 1;
				LastSwiftUpdateCheck = 1430;
				LastUpgradeCheck = 1430;
				TargetAttributes = {
					4D9551DD2AC1995D00670CEB = {
						CreatedOnToolsVersion = 14.3.1;
					};
					4D9551F32AC1996100670CEB = {
						CreatedOnToolsVersion = 14.3.1;
						TestTargetID = 4D9551DD2AC1995D00670CEB;
					};
					4D9551FD2AC1996100670CEB = {
						CreatedOnToolsVersion = 14.3.1;
						TestTargetID = 4D9551DD2AC1995D00670CEB;
					};
				};
			};
			buildConfigurationList = 4D9551D92AC1995D00670CEB /* Build configuration list for PBXProject "ImageFeed" */;
			compatibilityVersion = "Xcode 14.0";
			developmentRegion = en;
			hasScannedForEncodings = 0;
			knownRegions = (
				en,
				Base,
			);
			mainGroup = 4D9551D52AC1995D00670CEB;
			packageReferences = (
				4DF7144A2B0D1BE9000466FD /* XCRemoteSwiftPackageReference "ProgressHUD" */,
				4DDF076C2B0F59680022B7D5 /* XCRemoteSwiftPackageReference "Kingfisher" */,
				4DDF076F2B0F6BCF0022B7D5 /* XCRemoteSwiftPackageReference "SwiftKeychainWrapper" */,
			);
			productRefGroup = 4D9551DF2AC1995E00670CEB /* Products */;
			projectDirPath = "";
			projectRoot = "";
			targets = (
				4D9551DD2AC1995D00670CEB /* ImageFeed */,
				4D9551F32AC1996100670CEB /* ImageFeedTests */,
				4D9551FD2AC1996100670CEB /* ImageFeedUITests */,
			);
		};
/* End PBXProject section */

/* Begin PBXResourcesBuildPhase section */
		4D9551DC2AC1995D00670CEB /* Resources */ = {
			isa = PBXResourcesBuildPhase;
			buildActionMask = 2147483647;
			files = (
				4D9551EE2AC1996000670CEB /* LaunchScreen.storyboard in Resources */,
				4D9551EB2AC1996000670CEB /* Assets.xcassets in Resources */,
				4D9551E92AC1995E00670CEB /* Main.storyboard in Resources */,
			);
			runOnlyForDeploymentPostprocessing = 0;
		};
		4D9551F22AC1996100670CEB /* Resources */ = {
			isa = PBXResourcesBuildPhase;
			buildActionMask = 2147483647;
			files = (
			);
			runOnlyForDeploymentPostprocessing = 0;
		};
		4D9551FC2AC1996100670CEB /* Resources */ = {
			isa = PBXResourcesBuildPhase;
			buildActionMask = 2147483647;
			files = (
			);
			runOnlyForDeploymentPostprocessing = 0;
		};
/* End PBXResourcesBuildPhase section */

/* Begin PBXSourcesBuildPhase section */
		4D9551DA2AC1995D00670CEB /* Sources */ = {
			isa = PBXSourcesBuildPhase;
			buildActionMask = 2147483647;
			files = (
				4DD287E42B0E6E6C00886D00 /* ProfileModel.swift in Sources */,
				4D9551E62AC1995E00670CEB /* ImagesListViewController.swift in Sources */,
				4DECCB572AD53588003C4146 /* WebViewController.swift in Sources */,
				4D95524E2AC2357200670CEB /* ImagesListCell.swift in Sources */,
				4D3A886D2B0CC3890048BFE4 /* SplashViewController.swift in Sources */,
				4DB898B22AD4890200A74EA8 /* Constants.swift in Sources */,
				4D3A886A2B0B927A0048BFE4 /* OAuth2TokenStorage.swift in Sources */,
				4DD287DB2B0D766100886D00 /* UIBlockingProgressHUD.swift in Sources */,
				4DB951E22AC2D85A007505E2 /* ProfileViewController.swift in Sources */,
				4DD287E62B0E8A5E00886D00 /* URLRequest+Extension.swift in Sources */,
				4DB898B72AD495CF00A74EA8 /* AuthViewController.swift in Sources */,
				4D9551E22AC1995E00670CEB /* AppDelegate.swift in Sources */,
				4DB951E42AC2FD50007505E2 /* SingleImageViewController.swift in Sources */,
				4D3A88682B0B91C20048BFE4 /* OAuth2Service.swift in Sources */,
				4D9551E42AC1995E00670CEB /* SceneDelegate.swift in Sources */,
				4DD287EE2B0E9CDF00886D00 /* AlertPresenter.swift in Sources */,
				4DD287E12B0E6BF500886D00 /* ProfileService.swift in Sources */,
				4DFAFC1D2B0ECE7C0074A128 /* ProfileImageService.swift in Sources */,
				4DD287E82B0E914500886D00 /* URLSession+Extension.swift in Sources */,
				4DD287EA2B0E945400886D00 /* NetworkErrors.swift in Sources */,
			);
			runOnlyForDeploymentPostprocessing = 0;
		};
		4D9551F02AC1996100670CEB /* Sources */ = {
			isa = PBXSourcesBuildPhase;
			buildActionMask = 2147483647;
			files = (
				4D9551F92AC1996100670CEB /* ImageFeedTests.swift in Sources */,
			);
			runOnlyForDeploymentPostprocessing = 0;
		};
		4D9551FA2AC1996100670CEB /* Sources */ = {
			isa = PBXSourcesBuildPhase;
			buildActionMask = 2147483647;
			files = (
				4D9552052AC1996100670CEB /* ImageFeedUITestsLaunchTests.swift in Sources */,
				4D9552032AC1996100670CEB /* ImageFeedUITests.swift in Sources */,
			);
			runOnlyForDeploymentPostprocessing = 0;
		};
/* End PBXSourcesBuildPhase section */

/* Begin PBXTargetDependency section */
		4D9551F62AC1996100670CEB /* PBXTargetDependency */ = {
			isa = PBXTargetDependency;
			target = 4D9551DD2AC1995D00670CEB /* ImageFeed */;
			targetProxy = 4D9551F52AC1996100670CEB /* PBXContainerItemProxy */;
		};
		4D9552002AC1996100670CEB /* PBXTargetDependency */ = {
			isa = PBXTargetDependency;
			target = 4D9551DD2AC1995D00670CEB /* ImageFeed */;
			targetProxy = 4D9551FF2AC1996100670CEB /* PBXContainerItemProxy */;
		};
/* End PBXTargetDependency section */

/* Begin PBXVariantGroup section */
		4D9551E72AC1995E00670CEB /* Main.storyboard */ = {
			isa = PBXVariantGroup;
			children = (
				4D9551E82AC1995E00670CEB /* Base */,
			);
			name = Main.storyboard;
			sourceTree = "<group>";
		};
		4D9551EC2AC1996000670CEB /* LaunchScreen.storyboard */ = {
			isa = PBXVariantGroup;
			children = (
				4D9551ED2AC1996000670CEB /* Base */,
			);
			name = LaunchScreen.storyboard;
			sourceTree = "<group>";
		};
/* End PBXVariantGroup section */

/* Begin XCBuildConfiguration section */
		4D9552062AC1996100670CEB /* Debug */ = {
			isa = XCBuildConfiguration;
			buildSettings = {
				ALWAYS_SEARCH_USER_PATHS = NO;
				CLANG_ANALYZER_NONNULL = YES;
				CLANG_ANALYZER_NUMBER_OBJECT_CONVERSION = YES_AGGRESSIVE;
				CLANG_CXX_LANGUAGE_STANDARD = "gnu++20";
				CLANG_ENABLE_MODULES = YES;
				CLANG_ENABLE_OBJC_ARC = YES;
				CLANG_ENABLE_OBJC_WEAK = YES;
				CLANG_WARN_BLOCK_CAPTURE_AUTORELEASING = YES;
				CLANG_WARN_BOOL_CONVERSION = YES;
				CLANG_WARN_COMMA = YES;
				CLANG_WARN_CONSTANT_CONVERSION = YES;
				CLANG_WARN_DEPRECATED_OBJC_IMPLEMENTATIONS = YES;
				CLANG_WARN_DIRECT_OBJC_ISA_USAGE = YES_ERROR;
				CLANG_WARN_DOCUMENTATION_COMMENTS = YES;
				CLANG_WARN_EMPTY_BODY = YES;
				CLANG_WARN_ENUM_CONVERSION = YES;
				CLANG_WARN_INFINITE_RECURSION = YES;
				CLANG_WARN_INT_CONVERSION = YES;
				CLANG_WARN_NON_LITERAL_NULL_CONVERSION = YES;
				CLANG_WARN_OBJC_IMPLICIT_RETAIN_SELF = YES;
				CLANG_WARN_OBJC_LITERAL_CONVERSION = YES;
				CLANG_WARN_OBJC_ROOT_CLASS = YES_ERROR;
				CLANG_WARN_QUOTED_INCLUDE_IN_FRAMEWORK_HEADER = YES;
				CLANG_WARN_RANGE_LOOP_ANALYSIS = YES;
				CLANG_WARN_STRICT_PROTOTYPES = YES;
				CLANG_WARN_SUSPICIOUS_MOVE = YES;
				CLANG_WARN_UNGUARDED_AVAILABILITY = YES_AGGRESSIVE;
				CLANG_WARN_UNREACHABLE_CODE = YES;
				CLANG_WARN__DUPLICATE_METHOD_MATCH = YES;
				COPY_PHASE_STRIP = NO;
				DEBUG_INFORMATION_FORMAT = dwarf;
				ENABLE_STRICT_OBJC_MSGSEND = YES;
				ENABLE_TESTABILITY = YES;
				GCC_C_LANGUAGE_STANDARD = gnu11;
				GCC_DYNAMIC_NO_PIC = NO;
				GCC_NO_COMMON_BLOCKS = YES;
				GCC_OPTIMIZATION_LEVEL = 0;
				GCC_PREPROCESSOR_DEFINITIONS = (
					"DEBUG=1",
					"$(inherited)",
				);
				GCC_WARN_64_TO_32_BIT_CONVERSION = YES;
				GCC_WARN_ABOUT_RETURN_TYPE = YES_ERROR;
				GCC_WARN_UNDECLARED_SELECTOR = YES;
				GCC_WARN_UNINITIALIZED_AUTOS = YES_AGGRESSIVE;
				GCC_WARN_UNUSED_FUNCTION = YES;
				GCC_WARN_UNUSED_VARIABLE = YES;
				IPHONEOS_DEPLOYMENT_TARGET = 13.0;
				MTL_ENABLE_DEBUG_INFO = INCLUDE_SOURCE;
				MTL_FAST_MATH = YES;
				ONLY_ACTIVE_ARCH = YES;
				SDKROOT = iphoneos;
				SWIFT_ACTIVE_COMPILATION_CONDITIONS = DEBUG;
				SWIFT_OPTIMIZATION_LEVEL = "-Onone";
			};
			name = Debug;
		};
		4D9552072AC1996100670CEB /* Release */ = {
			isa = XCBuildConfiguration;
			buildSettings = {
				ALWAYS_SEARCH_USER_PATHS = NO;
				CLANG_ANALYZER_NONNULL = YES;
				CLANG_ANALYZER_NUMBER_OBJECT_CONVERSION = YES_AGGRESSIVE;
				CLANG_CXX_LANGUAGE_STANDARD = "gnu++20";
				CLANG_ENABLE_MODULES = YES;
				CLANG_ENABLE_OBJC_ARC = YES;
				CLANG_ENABLE_OBJC_WEAK = YES;
				CLANG_WARN_BLOCK_CAPTURE_AUTORELEASING = YES;
				CLANG_WARN_BOOL_CONVERSION = YES;
				CLANG_WARN_COMMA = YES;
				CLANG_WARN_CONSTANT_CONVERSION = YES;
				CLANG_WARN_DEPRECATED_OBJC_IMPLEMENTATIONS = YES;
				CLANG_WARN_DIRECT_OBJC_ISA_USAGE = YES_ERROR;
				CLANG_WARN_DOCUMENTATION_COMMENTS = YES;
				CLANG_WARN_EMPTY_BODY = YES;
				CLANG_WARN_ENUM_CONVERSION = YES;
				CLANG_WARN_INFINITE_RECURSION = YES;
				CLANG_WARN_INT_CONVERSION = YES;
				CLANG_WARN_NON_LITERAL_NULL_CONVERSION = YES;
				CLANG_WARN_OBJC_IMPLICIT_RETAIN_SELF = YES;
				CLANG_WARN_OBJC_LITERAL_CONVERSION = YES;
				CLANG_WARN_OBJC_ROOT_CLASS = YES_ERROR;
				CLANG_WARN_QUOTED_INCLUDE_IN_FRAMEWORK_HEADER = YES;
				CLANG_WARN_RANGE_LOOP_ANALYSIS = YES;
				CLANG_WARN_STRICT_PROTOTYPES = YES;
				CLANG_WARN_SUSPICIOUS_MOVE = YES;
				CLANG_WARN_UNGUARDED_AVAILABILITY = YES_AGGRESSIVE;
				CLANG_WARN_UNREACHABLE_CODE = YES;
				CLANG_WARN__DUPLICATE_METHOD_MATCH = YES;
				COPY_PHASE_STRIP = NO;
				DEBUG_INFORMATION_FORMAT = "dwarf-with-dsym";
				ENABLE_NS_ASSERTIONS = NO;
				ENABLE_STRICT_OBJC_MSGSEND = YES;
				GCC_C_LANGUAGE_STANDARD = gnu11;
				GCC_NO_COMMON_BLOCKS = YES;
				GCC_WARN_64_TO_32_BIT_CONVERSION = YES;
				GCC_WARN_ABOUT_RETURN_TYPE = YES_ERROR;
				GCC_WARN_UNDECLARED_SELECTOR = YES;
				GCC_WARN_UNINITIALIZED_AUTOS = YES_AGGRESSIVE;
				GCC_WARN_UNUSED_FUNCTION = YES;
				GCC_WARN_UNUSED_VARIABLE = YES;
				IPHONEOS_DEPLOYMENT_TARGET = 13.0;
				MTL_ENABLE_DEBUG_INFO = NO;
				MTL_FAST_MATH = YES;
				SDKROOT = iphoneos;
				SWIFT_COMPILATION_MODE = wholemodule;
				SWIFT_OPTIMIZATION_LEVEL = "-O";
				VALIDATE_PRODUCT = YES;
			};
			name = Release;
		};
		4D9552092AC1996100670CEB /* Debug */ = {
			isa = XCBuildConfiguration;
			buildSettings = {
				ASSETCATALOG_COMPILER_APPICON_NAME = AppIcon;
				ASSETCATALOG_COMPILER_GLOBAL_ACCENT_COLOR_NAME = AccentColor;
				CODE_SIGN_STYLE = Automatic;
				CURRENT_PROJECT_VERSION = 1;
				DEVELOPMENT_TEAM = GX3MHK9CM4;
				GENERATE_INFOPLIST_FILE = YES;
				INFOPLIST_FILE = ImageFeed/Info.plist;
				INFOPLIST_KEY_UIApplicationSupportsIndirectInputEvents = YES;
				INFOPLIST_KEY_UILaunchStoryboardName = LaunchScreen;
				INFOPLIST_KEY_UIMainStoryboardFile = Main;
				INFOPLIST_KEY_UISupportedInterfaceOrientations = UIInterfaceOrientationPortrait;
				IPHONEOS_DEPLOYMENT_TARGET = 13.0;
				LD_RUNPATH_SEARCH_PATHS = (
					"$(inherited)",
					"@executable_path/Frameworks",
				);
				MARKETING_VERSION = 1.0;
				PRODUCT_BUNDLE_IDENTIFIER = by.hasman.ImageFeed;
				PRODUCT_NAME = "$(TARGET_NAME)";
				SUPPORTED_PLATFORMS = "iphoneos iphonesimulator";
				SUPPORTS_MACCATALYST = NO;
				SUPPORTS_MAC_DESIGNED_FOR_IPHONE_IPAD = YES;
				SWIFT_EMIT_LOC_STRINGS = YES;
				SWIFT_VERSION = 5.0;
				TARGETED_DEVICE_FAMILY = 1;
			};
			name = Debug;
		};
		4D95520A2AC1996100670CEB /* Release */ = {
			isa = XCBuildConfiguration;
			buildSettings = {
				ASSETCATALOG_COMPILER_APPICON_NAME = AppIcon;
				ASSETCATALOG_COMPILER_GLOBAL_ACCENT_COLOR_NAME = AccentColor;
				CODE_SIGN_STYLE = Automatic;
				CURRENT_PROJECT_VERSION = 1;
				DEVELOPMENT_TEAM = GX3MHK9CM4;
				GENERATE_INFOPLIST_FILE = YES;
				INFOPLIST_FILE = ImageFeed/Info.plist;
				INFOPLIST_KEY_UIApplicationSupportsIndirectInputEvents = YES;
				INFOPLIST_KEY_UILaunchStoryboardName = LaunchScreen;
				INFOPLIST_KEY_UIMainStoryboardFile = Main;
				INFOPLIST_KEY_UISupportedInterfaceOrientations = UIInterfaceOrientationPortrait;
				IPHONEOS_DEPLOYMENT_TARGET = 13.0;
				LD_RUNPATH_SEARCH_PATHS = (
					"$(inherited)",
					"@executable_path/Frameworks",
				);
				MARKETING_VERSION = 1.0;
				PRODUCT_BUNDLE_IDENTIFIER = by.hasman.ImageFeed;
				PRODUCT_NAME = "$(TARGET_NAME)";
				SUPPORTED_PLATFORMS = "iphoneos iphonesimulator";
				SUPPORTS_MACCATALYST = NO;
				SUPPORTS_MAC_DESIGNED_FOR_IPHONE_IPAD = YES;
				SWIFT_EMIT_LOC_STRINGS = YES;
				SWIFT_VERSION = 5.0;
				TARGETED_DEVICE_FAMILY = 1;
			};
			name = Release;
		};
		4D95520C2AC1996100670CEB /* Debug */ = {
			isa = XCBuildConfiguration;
			buildSettings = {
				ALWAYS_EMBED_SWIFT_STANDARD_LIBRARIES = YES;
				BUNDLE_LOADER = "$(TEST_HOST)";
				CODE_SIGN_STYLE = Automatic;
				CURRENT_PROJECT_VERSION = 1;
				DEVELOPMENT_TEAM = GX3MHK9CM4;
				GENERATE_INFOPLIST_FILE = YES;
				IPHONEOS_DEPLOYMENT_TARGET = 16.4;
				MARKETING_VERSION = 1.0;
				PRODUCT_BUNDLE_IDENTIFIER = by.hasman.ImageFeedTests;
				PRODUCT_NAME = "$(TARGET_NAME)";
				SWIFT_EMIT_LOC_STRINGS = NO;
				SWIFT_VERSION = 5.0;
				TARGETED_DEVICE_FAMILY = "1,2";
				TEST_HOST = "$(BUILT_PRODUCTS_DIR)/ImageFeed.app/$(BUNDLE_EXECUTABLE_FOLDER_PATH)/ImageFeed";
			};
			name = Debug;
		};
		4D95520D2AC1996100670CEB /* Release */ = {
			isa = XCBuildConfiguration;
			buildSettings = {
				ALWAYS_EMBED_SWIFT_STANDARD_LIBRARIES = YES;
				BUNDLE_LOADER = "$(TEST_HOST)";
				CODE_SIGN_STYLE = Automatic;
				CURRENT_PROJECT_VERSION = 1;
				DEVELOPMENT_TEAM = GX3MHK9CM4;
				GENERATE_INFOPLIST_FILE = YES;
				IPHONEOS_DEPLOYMENT_TARGET = 16.4;
				MARKETING_VERSION = 1.0;
				PRODUCT_BUNDLE_IDENTIFIER = by.hasman.ImageFeedTests;
				PRODUCT_NAME = "$(TARGET_NAME)";
				SWIFT_EMIT_LOC_STRINGS = NO;
				SWIFT_VERSION = 5.0;
				TARGETED_DEVICE_FAMILY = "1,2";
				TEST_HOST = "$(BUILT_PRODUCTS_DIR)/ImageFeed.app/$(BUNDLE_EXECUTABLE_FOLDER_PATH)/ImageFeed";
			};
			name = Release;
		};
		4D95520F2AC1996100670CEB /* Debug */ = {
			isa = XCBuildConfiguration;
			buildSettings = {
				ALWAYS_EMBED_SWIFT_STANDARD_LIBRARIES = YES;
				CODE_SIGN_STYLE = Automatic;
				CURRENT_PROJECT_VERSION = 1;
				DEVELOPMENT_TEAM = GX3MHK9CM4;
				GENERATE_INFOPLIST_FILE = YES;
				MARKETING_VERSION = 1.0;
				PRODUCT_BUNDLE_IDENTIFIER = by.hasman.ImageFeedUITests;
				PRODUCT_NAME = "$(TARGET_NAME)";
				SWIFT_EMIT_LOC_STRINGS = NO;
				SWIFT_VERSION = 5.0;
				TARGETED_DEVICE_FAMILY = "1,2";
				TEST_TARGET_NAME = ImageFeed;
			};
			name = Debug;
		};
		4D9552102AC1996100670CEB /* Release */ = {
			isa = XCBuildConfiguration;
			buildSettings = {
				ALWAYS_EMBED_SWIFT_STANDARD_LIBRARIES = YES;
				CODE_SIGN_STYLE = Automatic;
				CURRENT_PROJECT_VERSION = 1;
				DEVELOPMENT_TEAM = GX3MHK9CM4;
				GENERATE_INFOPLIST_FILE = YES;
				MARKETING_VERSION = 1.0;
				PRODUCT_BUNDLE_IDENTIFIER = by.hasman.ImageFeedUITests;
				PRODUCT_NAME = "$(TARGET_NAME)";
				SWIFT_EMIT_LOC_STRINGS = NO;
				SWIFT_VERSION = 5.0;
				TARGETED_DEVICE_FAMILY = "1,2";
				TEST_TARGET_NAME = ImageFeed;
			};
			name = Release;
		};
/* End XCBuildConfiguration section */

/* Begin XCConfigurationList section */
		4D9551D92AC1995D00670CEB /* Build configuration list for PBXProject "ImageFeed" */ = {
			isa = XCConfigurationList;
			buildConfigurations = (
				4D9552062AC1996100670CEB /* Debug */,
				4D9552072AC1996100670CEB /* Release */,
			);
			defaultConfigurationIsVisible = 0;
			defaultConfigurationName = Release;
		};
		4D9552082AC1996100670CEB /* Build configuration list for PBXNativeTarget "ImageFeed" */ = {
			isa = XCConfigurationList;
			buildConfigurations = (
				4D9552092AC1996100670CEB /* Debug */,
				4D95520A2AC1996100670CEB /* Release */,
			);
			defaultConfigurationIsVisible = 0;
			defaultConfigurationName = Release;
		};
		4D95520B2AC1996100670CEB /* Build configuration list for PBXNativeTarget "ImageFeedTests" */ = {
			isa = XCConfigurationList;
			buildConfigurations = (
				4D95520C2AC1996100670CEB /* Debug */,
				4D95520D2AC1996100670CEB /* Release */,
			);
			defaultConfigurationIsVisible = 0;
			defaultConfigurationName = Release;
		};
		4D95520E2AC1996100670CEB /* Build configuration list for PBXNativeTarget "ImageFeedUITests" */ = {
			isa = XCConfigurationList;
			buildConfigurations = (
				4D95520F2AC1996100670CEB /* Debug */,
				4D9552102AC1996100670CEB /* Release */,
			);
			defaultConfigurationIsVisible = 0;
			defaultConfigurationName = Release;
		};
/* End XCConfigurationList section */

/* Begin XCRemoteSwiftPackageReference section */
		4DDF076C2B0F59680022B7D5 /* XCRemoteSwiftPackageReference "Kingfisher" */ = {
			isa = XCRemoteSwiftPackageReference;
			repositoryURL = "https://github.com/onevcat/Kingfisher.git";
			requirement = {
				kind = upToNextMajorVersion;
				minimumVersion = 7.10.0;
			};
		};
		4DDF076F2B0F6BCF0022B7D5 /* XCRemoteSwiftPackageReference "SwiftKeychainWrapper" */ = {
			isa = XCRemoteSwiftPackageReference;
			repositoryURL = "https://github.com/jrendel/SwiftKeychainWrapper";
			requirement = {
				kind = upToNextMajorVersion;
				minimumVersion = 4.0.1;
			};
		};
		4DF7144A2B0D1BE9000466FD /* XCRemoteSwiftPackageReference "ProgressHUD" */ = {
			isa = XCRemoteSwiftPackageReference;
			repositoryURL = "https://github.com/relatedcode/ProgressHUD";
			requirement = {
				kind = versionRange;
				maximumVersion = 13.6.1;
				minimumVersion = 13.6.0;
			};
		};
/* End XCRemoteSwiftPackageReference section */

/* Begin XCSwiftPackageProductDependency section */
		4DDF076D2B0F59680022B7D5 /* Kingfisher */ = {
			isa = XCSwiftPackageProductDependency;
			package = 4DDF076C2B0F59680022B7D5 /* XCRemoteSwiftPackageReference "Kingfisher" */;
			productName = Kingfisher;
		};
		4DDF07702B0F6BCF0022B7D5 /* SwiftKeychainWrapper */ = {
			isa = XCSwiftPackageProductDependency;
			package = 4DDF076F2B0F6BCF0022B7D5 /* XCRemoteSwiftPackageReference "SwiftKeychainWrapper" */;
			productName = SwiftKeychainWrapper;
		};
		4DF7144B2B0D1BE9000466FD /* ProgressHUD */ = {
			isa = XCSwiftPackageProductDependency;
			package = 4DF7144A2B0D1BE9000466FD /* XCRemoteSwiftPackageReference "ProgressHUD" */;
			productName = ProgressHUD;
		};
/* End XCSwiftPackageProductDependency section */
	};
	rootObject = 4D9551D62AC1995D00670CEB /* Project object */;
}
